
Microsoft Visual Studio Solution File, Format Version 12.00
# Visual Studio Version 17
VisualStudioVersion = 17.3.32901.215
MinimumVisualStudioVersion = 10.0.40219.1
Project("{FAE04EC0-301F-11D3-BF4B-00C04F79EFBC}") = "Altium.FileGenerator", "Altium.FileGenerator\Altium.FileGenerator.csproj", "{93499C91-B583-4A53-B3FD-2956F5E7D2DD}"
EndProject
Global
	GlobalSection(SolutionConfigurationPlatforms) = preSolution
		Debug|Any CPU = Debug|Any CPU
		Release|Any CPU = Release|Any CPU
	EndGlobalSection
	GlobalSection(ProjectConfigurationPlatforms) = postSolution
		{93499C91-B583-4A53-B3FD-2956F5E7D2DD}.Debug|Any CPU.ActiveCfg = Debug|Any CPU
		{93499C91-B583-4A53-B3FD-2956F5E7D2DD}.Debug|Any CPU.Build.0 = Debug|Any CPU
		{93499C91-B583-4A53-B3FD-2956F5E7D2DD}.Release|Any CPU.ActiveCfg = Release|Any CPU
		{93499C91-B583-4A53-B3FD-2956F5E7D2DD}.Release|Any CPU.Build.0 = Release|Any CPU
	EndGlobalSection
	GlobalSection(SolutionProperties) = preSolution
		HideSolutionNode = FALSE
	EndGlobalSection
	GlobalSection(ExtensibilityGlobals) = postSolution
		SolutionGuid = {DE73046D-B4AB-46F3-B1E8-1611C2AFE1FE}
	EndGlobalSection
EndGlobal
